
Microsoft Visual Studio Solution File, Format Version 12.00
# Visual Studio Version 17
VisualStudioVersion = 17.14.37012.4 d17.14
MinimumVisualStudioVersion = 10.0.40219.1
Project("{8BC9CEB8-8B4A-11D0-8D11-00A0C91BC942}") = "MyChess", "MyChess\MyChess.vcxproj", "{0F176F70-6F31-453A-B277-8A48D608F020}"
EndProject
Global
	GlobalSection(SolutionConfigurationPlatforms) = preSolution
		Debug|x64 = Debug|x64
		Debug|x86 = Debug|x86
		Release|x64 = Release|x64
		Release|x86 = Release|x86
	EndGlobalSection
	GlobalSection(ProjectConfigurationPlatforms) = postSolution
		{0F176F70-6F31-453A-B277-8A48D608F020}.Debug|x64.ActiveCfg = Debug|x64
		{0F176F70-6F31-453A-B277-8A48D608F020}.Debug|x64.Build.0 = Debug|x64
		{0F176F70-6F31-453A-B277-8A48D608F020}.Debug|x86.ActiveCfg = Debug|Win32
		{0F176F70-6F31-453A-B277-8A48D608F020}.Debug|x86.Build.0 = Debug|Win32
		{0F176F70-6F31-453A-B277-8A48D608F020}.Release|x64.ActiveCfg = Release|x64
		{0F176F70-6F31-453A-B277-8A48D608F020}.Release|x64.Build.0 = Release|x64
		{0F176F70-6F31-453A-B277-8A48D608F020}.Release|x86.ActiveCfg = Release|Win32
		{0F176F70-6F31-453A-B277-8A48D608F020}.Release|x86.Build.0 = Release|Win32
	EndGlobalSection
	GlobalSection(SolutionProperties) = preSolution
		HideSolutionNode = FALSE
	EndGlobalSection
	GlobalSection(ExtensibilityGlobals) = postSolution
		SolutionGuid = {2F9A1EE3-F295-4D52-9570-EF65D47CCBAB}
	EndGlobalSection
EndGlobal
